
Microsoft Visual Studio Solution File, Format Version 12.00
# Visual Studio Version 17
VisualStudioVersion = 17.0.31919.166
MinimumVisualStudioVersion = 10.0.40219.1
Project("{9A19103F-16F7-4668-BE54-9A1E7A4F7556}") = "ScriptRuner", "ScriptRuner\ScriptRuner.csproj", "{EDE1BD9C-529C-4728-BFAE-93EF5D995EC0}"
EndProject
Project("{2150E333-8FDC-42A3-9474-1A3956D46DE8}") = "Solution Items", "Solution Items", "{F2FA3F5B-20B8-4012-975E-B0C00CD09612}"
	ProjectSection(SolutionItems) = preProject
		README.md = README.md
	EndProjectSection
EndProject
Project("{9A19103F-16F7-4668-BE54-9A1E7A4F7556}") = "Magnet", "Magnet\Magnet.csproj", "{D24A1771-B57F-4A5B-9BDC-B80929A411A3}"
EndProject
Project("{9A19103F-16F7-4668-BE54-9A1E7A4F7556}") = "Magnet.Core", "Magnet.Core\Magnet.Core.csproj", "{6506C425-6DC2-41C9-9AE5-75DCCAB17282}"
EndProject
Project("{9A19103F-16F7-4668-BE54-9A1E7A4F7556}") = "Scripts", "Scripts\Scripts.csproj", "{1145AE19-0FDB-442A-A1C5-109F1553929F}"
EndProject
Project("{9A19103F-16F7-4668-BE54-9A1E7A4F7556}") = "App.Core", "App.Core\App.Core.csproj", "{DF8E460E-C607-4EC7-8B47-3739D2F215F0}"
EndProject
Project("{2150E333-8FDC-42A3-9474-1A3956D46DE8}") = "Examples", "Examples", "{196451CB-8D17-4384-A833-E5BFB14B1952}"
EndProject
Project("{9A19103F-16F7-4668-BE54-9A1E7A4F7556}") = "Magnet.Test", "Magnet.Test\Magnet.Test.csproj", "{BF5D19CC-04EE-4C39-B00A-DB60FABF05DF}"
EndProject
Project("{FAE04EC0-301F-11D3-BF4B-00C04F79EFBC}") = "Toolkit.Privite", "Algorithm.Toolkit\Toolkit.Privite.csproj", "{71A12933-E488-450F-8B13-1890D322B18F}"
EndProject
Global
	GlobalSection(SolutionConfigurationPlatforms) = preSolution
		Debug|Any CPU = Debug|Any CPU
		Debug|x64 = Debug|x64
		Release|Any CPU = Release|Any CPU
		Release|x64 = Release|x64
	EndGlobalSection
	GlobalSection(ProjectConfigurationPlatforms) = postSolution
		{EDE1BD9C-529C-4728-BFAE-93EF5D995EC0}.Debug|Any CPU.ActiveCfg = Debug|Any CPU
		{EDE1BD9C-529C-4728-BFAE-93EF5D995EC0}.Debug|Any CPU.Build.0 = Debug|Any CPU
		{EDE1BD9C-529C-4728-BFAE-93EF5D995EC0}.Debug|x64.ActiveCfg = Debug|x64
		{EDE1BD9C-529C-4728-BFAE-93EF5D995EC0}.Debug|x64.Build.0 = Debug|x64
		{EDE1BD9C-529C-4728-BFAE-93EF5D995EC0}.Release|Any CPU.ActiveCfg = Release|Any CPU
		{EDE1BD9C-529C-4728-BFAE-93EF5D995EC0}.Release|Any CPU.Build.0 = Release|Any CPU
		{EDE1BD9C-529C-4728-BFAE-93EF5D995EC0}.Release|x64.ActiveCfg = Release|x64
		{EDE1BD9C-529C-4728-BFAE-93EF5D995EC0}.Release|x64.Build.0 = Release|x64
		{D24A1771-B57F-4A5B-9BDC-B80929A411A3}.Debug|Any CPU.ActiveCfg = Debug|Any CPU
		{D24A1771-B57F-4A5B-9BDC-B80929A411A3}.Debug|Any CPU.Build.0 = Debug|Any CPU
		{D24A1771-B57F-4A5B-9BDC-B80929A411A3}.Debug|x64.ActiveCfg = Debug|x64
		{D24A1771-B57F-4A5B-9BDC-B80929A411A3}.Debug|x64.Build.0 = Debug|x64
		{D24A1771-B57F-4A5B-9BDC-B80929A411A3}.Release|Any CPU.ActiveCfg = Release|Any CPU
		{D24A1771-B57F-4A5B-9BDC-B80929A411A3}.Release|Any CPU.Build.0 = Release|Any CPU
		{D24A1771-B57F-4A5B-9BDC-B80929A411A3}.Release|x64.ActiveCfg = Release|x64
		{D24A1771-B57F-4A5B-9BDC-B80929A411A3}.Release|x64.Build.0 = Release|x64
		{6506C425-6DC2-41C9-9AE5-75DCCAB17282}.Debug|Any CPU.ActiveCfg = Debug|Any CPU
		{6506C425-6DC2-41C9-9AE5-75DCCAB17282}.Debug|Any CPU.Build.0 = Debug|Any CPU
		{6506C425-6DC2-41C9-9AE5-75DCCAB17282}.Debug|x64.ActiveCfg = Debug|x64
		{6506C425-6DC2-41C9-9AE5-75DCCAB17282}.Debug|x64.Build.0 = Debug|x64
		{6506C425-6DC2-41C9-9AE5-75DCCAB17282}.Release|Any CPU.ActiveCfg = Release|Any CPU
		{6506C425-6DC2-41C9-9AE5-75DCCAB17282}.Release|Any CPU.Build.0 = Release|Any CPU
		{6506C425-6DC2-41C9-9AE5-75DCCAB17282}.Release|x64.ActiveCfg = Release|x64
		{6506C425-6DC2-41C9-9AE5-75DCCAB17282}.Release|x64.Build.0 = Release|x64
		{1145AE19-0FDB-442A-A1C5-109F1553929F}.Debug|Any CPU.ActiveCfg = Debug|Any CPU
		{1145AE19-0FDB-442A-A1C5-109F1553929F}.Debug|Any CPU.Build.0 = Debug|Any CPU
		{1145AE19-0FDB-442A-A1C5-109F1553929F}.Debug|x64.ActiveCfg = Debug|x64
		{1145AE19-0FDB-442A-A1C5-109F1553929F}.Debug|x64.Build.0 = Debug|x64
		{1145AE19-0FDB-442A-A1C5-109F1553929F}.Release|Any CPU.ActiveCfg = Release|Any CPU
		{1145AE19-0FDB-442A-A1C5-109F1553929F}.Release|Any CPU.Build.0 = Release|Any CPU
		{1145AE19-0FDB-442A-A1C5-109F1553929F}.Release|x64.ActiveCfg = Release|x64
		{1145AE19-0FDB-442A-A1C5-109F1553929F}.Release|x64.Build.0 = Release|x64
		{DF8E460E-C607-4EC7-8B47-3739D2F215F0}.Debug|Any CPU.ActiveCfg = Debug|Any CPU
		{DF8E460E-C607-4EC7-8B47-3739D2F215F0}.Debug|Any CPU.Build.0 = Debug|Any CPU
		{DF8E460E-C607-4EC7-8B47-3739D2F215F0}.Debug|x64.ActiveCfg = Debug|x64
		{DF8E460E-C607-4EC7-8B47-3739D2F215F0}.Debug|x64.Build.0 = Debug|x64
		{DF8E460E-C607-4EC7-8B47-3739D2F215F0}.Release|Any CPU.ActiveCfg = Release|Any CPU
		{DF8E460E-C607-4EC7-8B47-3739D2F215F0}.Release|Any CPU.Build.0 = Release|Any CPU
		{DF8E460E-C607-4EC7-8B47-3739D2F215F0}.Release|x64.ActiveCfg = Release|x64
		{DF8E460E-C607-4EC7-8B47-3739D2F215F0}.Release|x64.Build.0 = Release|x64
		{BF5D19CC-04EE-4C39-B00A-DB60FABF05DF}.Debug|Any CPU.ActiveCfg = Debug|Any CPU
		{BF5D19CC-04EE-4C39-B00A-DB60FABF05DF}.Debug|Any CPU.Build.0 = Debug|Any CPU
		{BF5D19CC-04EE-4C39-B00A-DB60FABF05DF}.Debug|x64.ActiveCfg = Debug|Any CPU
		{BF5D19CC-04EE-4C39-B00A-DB60FABF05DF}.Debug|x64.Build.0 = Debug|Any CPU
		{BF5D19CC-04EE-4C39-B00A-DB60FABF05DF}.Release|Any CPU.ActiveCfg = Release|Any CPU
		{BF5D19CC-04EE-4C39-B00A-DB60FABF05DF}.Release|Any CPU.Build.0 = Release|Any CPU
		{BF5D19CC-04EE-4C39-B00A-DB60FABF05DF}.Release|x64.ActiveCfg = Release|Any CPU
		{BF5D19CC-04EE-4C39-B00A-DB60FABF05DF}.Release|x64.Build.0 = Release|Any CPU
		{71A12933-E488-450F-8B13-1890D322B18F}.Debug|Any CPU.ActiveCfg = Debug|Any CPU
		{71A12933-E488-450F-8B13-1890D322B18F}.Debug|Any CPU.Build.0 = Debug|Any CPU
		{71A12933-E488-450F-8B13-1890D322B18F}.Debug|x64.ActiveCfg = Debug|Any CPU
		{71A12933-E488-450F-8B13-1890D322B18F}.Debug|x64.Build.0 = Debug|Any CPU
		{71A12933-E488-450F-8B13-1890D322B18F}.Release|Any CPU.ActiveCfg = Release|Any CPU
		{71A12933-E488-450F-8B13-1890D322B18F}.Release|Any CPU.Build.0 = Release|Any CPU
		{71A12933-E488-450F-8B13-1890D322B18F}.Release|x64.ActiveCfg = Release|Any CPU
		{71A12933-E488-450F-8B13-1890D322B18F}.Release|x64.Build.0 = Release|Any CPU
	EndGlobalSection
	GlobalSection(SolutionProperties) = preSolution
		HideSolutionNode = FALSE
	EndGlobalSection
	GlobalSection(ExtensibilityGlobals) = postSolution
		SolutionGuid = {D112A53E-2062-49D8-AE25-4F8B02BD956E}
	EndGlobalSection
EndGlobal
